
Microsoft Visual Studio Solution File, Format Version 12.00
# Visual Studio Version 17
VisualStudioVersion = 17.5.002.0
MinimumVisualStudioVersion = 10.0.40219.1
Project("{9A19103F-16F7-4668-BE54-9A1E7A4F7556}") = "ConsoleApp1", "ConsoleApp1.csproj", "{B57080C0-B9B3-4A0B-B502-0890840EAD1E}"
EndProject
Global
	GlobalSection(SolutionConfigurationPlatforms) = preSolution
		Debug|Any CPU = Debug|Any CPU
		Release|Any CPU = Release|Any CPU
	EndGlobalSection
	GlobalSection(ProjectConfigurationPlatforms) = postSolution
		{B57080C0-B9B3-4A0B-B502-0890840EAD1E}.Debug|Any CPU.ActiveCfg = Debug|Any CPU
		{B57080C0-B9B3-4A0B-B502-0890840EAD1E}.Debug|Any CPU.Build.0 = Debug|Any CPU
		{B57080C0-B9B3-4A0B-B502-0890840EAD1E}.Release|Any CPU.ActiveCfg = Release|Any CPU
		{B57080C0-B9B3-4A0B-B502-0890840EAD1E}.Release|Any CPU.Build.0 = Release|Any CPU
	EndGlobalSection
	GlobalSection(SolutionProperties) = preSolution
		HideSolutionNode = FALSE
	EndGlobalSection
	GlobalSection(ExtensibilityGlobals) = postSolution
		SolutionGuid = {2465594F-1086-4001-9BEC-3E25352A3903}
	EndGlobalSection
EndGlobal
